
Microsoft Visual Studio Solution File, Format Version 12.00
# Visual Studio Version 17
VisualStudioVersion = 17.13.35919.96 d17.13
MinimumVisualStudioVersion = 10.0.40219.1
Project("{FAE04EC0-301F-11D3-BF4B-00C04F79EFBC}") = "JornadaAPI", "JornadaAPI\JornadaAPI.csproj", "{414CDE9D-590E-4616-9F22-1B280D3AF80B}"
EndProject
Global
	GlobalSection(SolutionConfigurationPlatforms) = preSolution
		Debug|Any CPU = Debug|Any CPU
		Release|Any CPU = Release|Any CPU
	EndGlobalSection
	GlobalSection(ProjectConfigurationPlatforms) = postSolution
		{414CDE9D-590E-4616-9F22-1B280D3AF80B}.Debug|Any CPU.ActiveCfg = Debug|Any CPU
		{414CDE9D-590E-4616-9F22-1B280D3AF80B}.Debug|Any CPU.Build.0 = Debug|Any CPU
		{414CDE9D-590E-4616-9F22-1B280D3AF80B}.Release|Any CPU.ActiveCfg = Release|Any CPU
		{414CDE9D-590E-4616-9F22-1B280D3AF80B}.Release|Any CPU.Build.0 = Release|Any CPU
	EndGlobalSection
	GlobalSection(SolutionProperties) = preSolution
		HideSolutionNode = FALSE
	EndGlobalSection
	GlobalSection(ExtensibilityGlobals) = postSolution
		SolutionGuid = {D21D664E-A289-4E52-9DD0-9E653DD0B852}
	EndGlobalSection
EndGlobal
